
Microsoft Visual Studio Solution File, Format Version 12.00
# Visual Studio Version 16
VisualStudioVersion = 16.0.31205.134
MinimumVisualStudioVersion = 10.0.40219.1
Project("{888888A0-9F3D-457C-B088-3A5042F75D52}") = "TP1_Habiague_Adivinador", "TP1_Habiague_Adivinador.pyproj", "{3815A496-BC5E-4929-B7CD-9016A8956F4E}"
EndProject
Global
	GlobalSection(SolutionConfigurationPlatforms) = preSolution
		Debug|Any CPU = Debug|Any CPU
		Release|Any CPU = Release|Any CPU
	EndGlobalSection
	GlobalSection(ProjectConfigurationPlatforms) = postSolution
		{3815A496-BC5E-4929-B7CD-9016A8956F4E}.Debug|Any CPU.ActiveCfg = Debug|Any CPU
		{3815A496-BC5E-4929-B7CD-9016A8956F4E}.Release|Any CPU.ActiveCfg = Release|Any CPU
	EndGlobalSection
	GlobalSection(SolutionProperties) = preSolution
		HideSolutionNode = FALSE
	EndGlobalSection
	GlobalSection(ExtensibilityGlobals) = postSolution
		SolutionGuid = {312A14E3-E90C-4B64-8CE4-94A71387136F}
	EndGlobalSection
EndGlobal
